
Microsoft Visual Studio Solution File, Format Version 12.00
# Visual Studio 15
VisualStudioVersion = 15.0.27004.2006
MinimumVisualStudioVersion = 10.0.40219.1
Project("{FAE04EC0-301F-11D3-BF4B-00C04F79EFBC}") = "EmployeeSearch-Angular", "EmployeeSearch-Angular\EmployeeSearch-Angular.csproj", "{DF25B63E-0CBD-45E0-8484-85DCAD7D7B15}"
EndProject
Global
	GlobalSection(SolutionConfigurationPlatforms) = preSolution
		Debug|Any CPU = Debug|Any CPU
		Release|Any CPU = Release|Any CPU
	EndGlobalSection
	GlobalSection(ProjectConfigurationPlatforms) = postSolution
		{DF25B63E-0CBD-45E0-8484-85DCAD7D7B15}.Debug|Any CPU.ActiveCfg = Debug|Any CPU
		{DF25B63E-0CBD-45E0-8484-85DCAD7D7B15}.Debug|Any CPU.Build.0 = Debug|Any CPU
		{DF25B63E-0CBD-45E0-8484-85DCAD7D7B15}.Release|Any CPU.ActiveCfg = Release|Any CPU
		{DF25B63E-0CBD-45E0-8484-85DCAD7D7B15}.Release|Any CPU.Build.0 = Release|Any CPU
	EndGlobalSection
	GlobalSection(SolutionProperties) = preSolution
		HideSolutionNode = FALSE
	EndGlobalSection
	GlobalSection(ExtensibilityGlobals) = postSolution
		SolutionGuid = {6B581DBF-5367-4619-B48C-212E444E6696}
	EndGlobalSection
EndGlobal
